
Microsoft Visual Studio Solution File, Format Version 11.00
# Visual Studio 2010
Project("{8BC9CEB8-8B4A-11D0-8D11-00A0C91BC942}") = "blueMSX", "blueMSX.vcxproj", "{4AE8471F-8983-42BC-9ACB-7420F79C82C2}"
EndProject
Global
	GlobalSection(SolutionConfigurationPlatforms) = preSolution
		Debug Canned|Win32 = Debug Canned|Win32
		Debug|Win32 = Debug|Win32
		Final|Win32 = Final|Win32
		Release Canned|Win32 = Release Canned|Win32
		Release Console|Win32 = Release Console|Win32
		Release|Win32 = Release|Win32
	EndGlobalSection
	GlobalSection(ProjectConfigurationPlatforms) = postSolution
		{4AE8471F-8983-42BC-9ACB-7420F79C82C2}.Debug Canned|Win32.ActiveCfg = Debug Canned|Win32
		{4AE8471F-8983-42BC-9ACB-7420F79C82C2}.Debug Canned|Win32.Build.0 = Debug Canned|Win32
		{4AE8471F-8983-42BC-9ACB-7420F79C82C2}.Debug|Win32.ActiveCfg = Debug|Win32
		{4AE8471F-8983-42BC-9ACB-7420F79C82C2}.Debug|Win32.Build.0 = Debug|Win32
		{4AE8471F-8983-42BC-9ACB-7420F79C82C2}.Final|Win32.ActiveCfg = Final|Win32
		{4AE8471F-8983-42BC-9ACB-7420F79C82C2}.Final|Win32.Build.0 = Final|Win32
		{4AE8471F-8983-42BC-9ACB-7420F79C82C2}.Release Canned|Win32.ActiveCfg = Release Canned|Win32
		{4AE8471F-8983-42BC-9ACB-7420F79C82C2}.Release Canned|Win32.Build.0 = Release Canned|Win32
		{4AE8471F-8983-42BC-9ACB-7420F79C82C2}.Release Console|Win32.ActiveCfg = Release Console|Win32
		{4AE8471F-8983-42BC-9ACB-7420F79C82C2}.Release Console|Win32.Build.0 = Release Console|Win32
		{4AE8471F-8983-42BC-9ACB-7420F79C82C2}.Release|Win32.ActiveCfg = Release|Win32
		{4AE8471F-8983-42BC-9ACB-7420F79C82C2}.Release|Win32.Build.0 = Release|Win32
	EndGlobalSection
	GlobalSection(SolutionProperties) = preSolution
		HideSolutionNode = FALSE
	EndGlobalSection
EndGlobal
